
Microsoft Visual Studio Solution File, Format Version 12.00
# Visual Studio 15
VisualStudioVersion = 15.0.28307.1062
MinimumVisualStudioVersion = 10.0.40219.1
Project("{FAE04EC0-301F-11D3-BF4B-00C04F79EFBC}") = "HuaweiMobileServices", "HuaweiMobileServices\HuaweiMobileServices.csproj", "{258506DA-9B66-4A26-916F-1C81CCA6C1B6}"
EndProject
Global
	GlobalSection(SolutionConfigurationPlatforms) = preSolution
		Debug|Any CPU = Debug|Any CPU
		Release|Any CPU = Release|Any CPU
	EndGlobalSection
	GlobalSection(ProjectConfigurationPlatforms) = postSolution
		{258506DA-9B66-4A26-916F-1C81CCA6C1B6}.Debug|Any CPU.ActiveCfg = Debug|Any CPU
		{258506DA-9B66-4A26-916F-1C81CCA6C1B6}.Debug|Any CPU.Build.0 = Debug|Any CPU
		{258506DA-9B66-4A26-916F-1C81CCA6C1B6}.Release|Any CPU.ActiveCfg = Release|Any CPU
		{258506DA-9B66-4A26-916F-1C81CCA6C1B6}.Release|Any CPU.Build.0 = Release|Any CPU
	EndGlobalSection
	GlobalSection(SolutionProperties) = preSolution
		HideSolutionNode = FALSE
	EndGlobalSection
	GlobalSection(ExtensibilityGlobals) = postSolution
		SolutionGuid = {24C87500-994D-4791-BC77-02C93E69FDB2}
	EndGlobalSection
EndGlobal
